// !$*UTF8*$!
{
	archiveVersion = 1;
	classes = {
	};
	objectVersion = 46;
	objects = {

/* Begin PBXBuildFile section */
		5D37E4151F00D56B00307EB3 /* main.m in Sources */ = {isa = PBXBuildFile; fileRef = 5D37E4141F00D56B00307EB3 /* main.m */; };
		5D37E4181F00D56B00307EB3 /* AppDelegate.m in Sources */ = {isa = PBXBuildFile; fileRef = 5D37E4171F00D56B00307EB3 /* AppDelegate.m */; };
		5D37E41B1F00D56B00307EB3 /* MainViewController.m in Sources */ = {isa = PBXBuildFile; fileRef = 5D37E41A1F00D56B00307EB3 /* MainViewController.m */; };
		5D37E4201F00D56B00307EB3 /* Assets.xcassets in Resources */ = {isa = PBXBuildFile; fileRef = 5D37E41F1F00D56B00307EB3 /* Assets.xcassets */; };
		5D37E4231F00D56B00307EB3 /* LaunchScreen.storyboard in Resources */ = {isa = PBXBuildFile; fileRef = 5D37E4211F00D56B00307EB3 /* LaunchScreen.storyboard */; };
		5D37E43A1F00D93700307EB3 /* BLPopController.m in Sources */ = {isa = PBXBuildFile; fileRef = 5D37E4351F00D93700307EB3 /* BLPopController.m */; };
		5DA5C7E01F00F42400446DAF /* PresentationAnimation.m in Sources */ = {isa = PBXBuildFile; fileRef = 5DA5C7DB1F00F42400446DAF /* PresentationAnimation.m */; };
		5DA5C7E11F00F42400446DAF /* PresentationController.m in Sources */ = {isa = PBXBuildFile; fileRef = 5DA5C7DD1F00F42400446DAF /* PresentationController.m */; };
		5DA5C7E21F00F42400446DAF /* PresentationTransition.m in Sources */ = {isa = PBXBuildFile; fileRef = 5DA5C7DF1F00F42400446DAF /* PresentationTransition.m */; };
		5DEF8BAC1F01E97B005FBF91 /* BLPopControlViewButton.m in Sources */ = {isa = PBXBuildFile; fileRef = 5DEF8BAB1F01E97B005FBF91 /* BLPopControlViewButton.m */; };
/* End PBXBuildFile section */

/* Begin PBXFileReference section */
		5D37E4101F00D56B00307EB3 /* PopControlView.app */ = {isa = PBXFileReference; explicitFileType = wrapper.application; includeInIndex = 0; path = PopControlView.app; sourceTree = BUILT_PRODUCTS_DIR; };
		5D37E4141F00D56B00307EB3 /* main.m */ = {isa = PBXFileReference; lastKnownFileType = sourcecode.c.objc; path = main.m; sourceTree = "<group>"; };
		5D37E4161F00D56B00307EB3 /* AppDelegate.h */ = {isa = PBXFileReference; lastKnownFileType = sourcecode.c.h; path = AppDelegate.h; sourceTree = "<group>"; };
		5D37E4171F00D56B00307EB3 /* AppDelegate.m */ = {isa = PBXFileReference; lastKnownFileType = sourcecode.c.objc; path = AppDelegate.m; sourceTree = "<group>"; };
		5D37E4191F00D56B00307EB3 /* MainViewController.h */ = {isa = PBXFileReference; lastKnownFileType = sourcecode.c.h; path = MainViewController.h; sourceTree = "<group>"; };
		5D37E41A1F00D56B00307EB3 /* MainViewController.m */ = {isa = PBXFileReference; lastKnownFileType = sourcecode.c.objc; path = MainViewController.m; sourceTree = "<group>"; };
		5D37E41F1F00D56B00307EB3 /* Assets.xcassets */ = {isa = PBXFileReference; lastKnownFileType = folder.assetcatalog; path = Assets.xcassets; sourceTree = "<group>"; };
		5D37E4221F00D56B00307EB3 /* Base */ = {isa = PBXFileReference; lastKnownFileType = file.storyboard; name = Base; path = Base.lproj/LaunchScreen.storyboard; sourceTree = "<group>"; };
		5D37E4241F00D56B00307EB3 /* Info.plist */ = {isa = PBXFileReference; lastKnownFileType = text.plist.xml; path = Info.plist; sourceTree = "<group>"; };
		5D37E4341F00D93700307EB3 /* BLPopController.h */ = {isa = PBXFileReference; fileEncoding = 4; lastKnownFileType = sourcecode.c.h; path = BLPopController.h; sourceTree = "<group>"; };
		5D37E4351F00D93700307EB3 /* BLPopController.m */ = {isa = PBXFileReference; fileEncoding = 4; lastKnownFileType = sourcecode.c.objc; path = BLPopController.m; sourceTree = "<group>"; };
		5DA5C7DA1F00F42400446DAF /* PresentationAnimation.h */ = {isa = PBXFileReference; fileEncoding = 4; lastKnownFileType = sourcecode.c.h; path = PresentationAnimation.h; sourceTree = "<group>"; };
		5DA5C7DB1F00F42400446DAF /* PresentationAnimation.m */ = {isa = PBXFileReference; fileEncoding = 4; lastKnownFileType = sourcecode.c.objc; path = PresentationAnimation.m; sourceTree = "<group>"; };
		5DA5C7DC1F00F42400446DAF /* PresentationController.h */ = {isa = PBXFileReference; fileEncoding = 4; lastKnownFileType = sourcecode.c.h; path = PresentationController.h; sourceTree = "<group>"; };
		5DA5C7DD1F00F42400446DAF /* PresentationController.m */ = {isa = PBXFileReference; fileEncoding = 4; lastKnownFileType = sourcecode.c.objc; path = PresentationController.m; sourceTree = "<group>"; };
		5DA5C7DE1F00F42400446DAF /* PresentationTransition.h */ = {isa = PBXFileReference; fileEncoding = 4; lastKnownFileType = sourcecode.c.h; path = PresentationTransition.h; sourceTree = "<group>"; };
		5DA5C7DF1F00F42400446DAF /* PresentationTransition.m */ = {isa = PBXFileReference; fileEncoding = 4; lastKnownFileType = sourcecode.c.objc; path = PresentationTransition.m; sourceTree = "<group>"; };
		5DEF8BAA1F01E97B005FBF91 /* BLPopControlViewButton.h */ = {isa = PBXFileReference; fileEncoding = 4; lastKnownFileType = sourcecode.c.h; path = BLPopControlViewButton.h; sourceTree = "<group>"; };
		5DEF8BAB1F01E97B005FBF91 /* BLPopControlViewButton.m */ = {isa = PBXFileReference; fileEncoding = 4; lastKnownFileType = sourcecode.c.objc; path = BLPopControlViewButton.m; sourceTree = "<group>"; };
/* End PBXFileReference section */

/* Begin PBXFrameworksBuildPhase section */
		5D37E40D1F00D56B00307EB3 /* Frameworks */ = {
			isa = PBXFrameworksBuildPhase;
			buildActionMask = 2147483647;
			files = (
			);
			runOnlyForDeploymentPostprocessing = 0;
		};
/* End PBXFrameworksBuildPhase section */

/* Begin PBXGroup section */
		5D37E4071F00D56B00307EB3 = {
			isa = PBXGroup;
			children = (
				5D37E4121F00D56B00307EB3 /* PopControlView */,
				5D37E4111F00D56B00307EB3 /* Products */,
			);
			sourceTree = "<group>";
		};
		5D37E4111F00D56B00307EB3 /* Products */ = {
			isa = PBXGroup;
			children = (
				5D37E4101F00D56B00307EB3 /* PopControlView.app */,
			);
			name = Products;
			sourceTree = "<group>";
		};
		5D37E4121F00D56B00307EB3 /* PopControlView */ = {
			isa = PBXGroup;
			children = (
				5D37E4161F00D56B00307EB3 /* AppDelegate.h */,
				5D37E4171F00D56B00307EB3 /* AppDelegate.m */,
				5D37E4191F00D56B00307EB3 /* MainViewController.h */,
				5D37E41A1F00D56B00307EB3 /* MainViewController.m */,
				5D37E4331F00D93700307EB3 /* BLPopController */,
				5DA5C7D91F00F42400446DAF /* Presentation */,
				5D37E41F1F00D56B00307EB3 /* Assets.xcassets */,
				5D37E4211F00D56B00307EB3 /* LaunchScreen.storyboard */,
				5D37E4241F00D56B00307EB3 /* Info.plist */,
				5D37E4131F00D56B00307EB3 /* Supporting Files */,
			);
			path = PopControlView;
			sourceTree = "<group>";
		};
		5D37E4131F00D56B00307EB3 /* Supporting Files */ = {
			isa = PBXGroup;
			children = (
				5D37E4141F00D56B00307EB3 /* main.m */,
			);
			name = "Supporting Files";
			sourceTree = "<group>";
		};
		5D37E4331F00D93700307EB3 /* BLPopController */ = {
			isa = PBXGroup;
			children = (
				5D37E4341F00D93700307EB3 /* BLPopController.h */,
				5D37E4351F00D93700307EB3 /* BLPopController.m */,
				5DEF8BAA1F01E97B005FBF91 /* BLPopControlViewButton.h */,
				5DEF8BAB1F01E97B005FBF91 /* BLPopControlViewButton.m */,
			);
			name = BLPopController;
			path = BLPopView;
			sourceTree = "<group>";
		};
		5DA5C7D91F00F42400446DAF /* Presentation */ = {
			isa = PBXGroup;
			children = (
				5DA5C7DA1F00F42400446DAF /* PresentationAnimation.h */,
				5DA5C7DB1F00F42400446DAF /* PresentationAnimation.m */,
				5DA5C7DC1F00F42400446DAF /* PresentationController.h */,
				5DA5C7DD1F00F42400446DAF /* PresentationController.m */,
				5DA5C7DE1F00F42400446DAF /* PresentationTransition.h */,
				5DA5C7DF1F00F42400446DAF /* PresentationTransition.m */,
			);
			path = Presentation;
			sourceTree = "<group>";
		};
/* End PBXGroup section */

/* Begin PBXNativeTarget section */
		5D37E40F1F00D56B00307EB3 /* PopControlView */ = {
			isa = PBXNativeTarget;
			buildConfigurationList = 5D37E4271F00D56B00307EB3 /* Build configuration list for PBXNativeTarget "PopControlView" */;
			buildPhases = (
				5D37E40C1F00D56B00307EB3 /* Sources */,
				5D37E40D1F00D56B00307EB3 /* Frameworks */,
				5D37E40E1F00D56B00307EB3 /* Resources */,
			);
			buildRules = (
			);
			dependencies = (
			);
			name = PopControlView;
			productName = PopControlView;
			productReference = 5D37E4101F00D56B00307EB3 /* PopControlView.app */;
			productType = "com.apple.product-type.application";
		};
/* End PBXNativeTarget section */

/* Begin PBXProject section */
		5D37E4081F00D56B00307EB3 /* Project object */ = {
			isa = PBXProject;
			attributes = {
				LastUpgradeCheck = 0830;
				ORGANIZATIONNAME = "方琼蔚";
				TargetAttributes = {
					5D37E40F1F00D56B00307EB3 = {
						CreatedOnToolsVersion = 8.3.3;
						ProvisioningStyle = Automatic;
					};
				};
			};
			buildConfigurationList = 5D37E40B1F00D56B00307EB3 /* Build configuration list for PBXProject "PopControlView" */;
			compatibilityVersion = "Xcode 3.2";
			developmentRegion = English;
			hasScannedForEncodings = 0;
			knownRegions = (
				en,
				Base,
			);
			mainGroup = 5D37E4071F00D56B00307EB3;
			productRefGroup = 5D37E4111F00D56B00307EB3 /* Products */;
			projectDirPath = "";
			projectRoot = "";
			targets = (
				5D37E40F1F00D56B00307EB3 /* PopControlView */,
			);
		};
/* End PBXProject section */

/* Begin PBXResourcesBuildPhase section */
		5D37E40E1F00D56B00307EB3 /* Resources */ = {
			isa = PBXResourcesBuildPhase;
			buildActionMask = 2147483647;
			files = (
				5D37E4231F00D56B00307EB3 /* LaunchScreen.storyboard in Resources */,
				5D37E4201F00D56B00307EB3 /* Assets.xcassets in Resources */,
			);
			runOnlyForDeploymentPostprocessing = 0;
		};
/* End PBXResourcesBuildPhase section */

/* Begin PBXSourcesBuildPhase section */
		5D37E40C1F00D56B00307EB3 /* Sources */ = {
			isa = PBXSourcesBuildPhase;
			buildActionMask = 2147483647;
			files = (
				5DEF8BAC1F01E97B005FBF91 /* BLPopControlViewButton.m in Sources */,
				5D37E41B1F00D56B00307EB3 /* MainViewController.m in Sources */,
				5DA5C7E11F00F42400446DAF /* PresentationController.m in Sources */,
				5DA5C7E01F00F42400446DAF /* PresentationAnimation.m in Sources */,
				5DA5C7E21F00F42400446DAF /* PresentationTransition.m in Sources */,
				5D37E4181F00D56B00307EB3 /* AppDelegate.m in Sources */,
				5D37E43A1F00D93700307EB3 /* BLPopController.m in Sources */,
				5D37E4151F00D56B00307EB3 /* main.m in Sources */,
			);
			runOnlyForDeploymentPostprocessing = 0;
		};
/* End PBXSourcesBuildPhase section */

/* Begin PBXVariantGroup section */
		5D37E4211F00D56B00307EB3 /* LaunchScreen.storyboard */ = {
			isa = PBXVariantGroup;
			children = (
				5D37E4221F00D56B00307EB3 /* Base */,
			);
			name = LaunchScreen.storyboard;
			sourceTree = "<group>";
		};
/* End PBXVariantGroup section */

/* Begin XCBuildConfiguration section */
		5D37E4251F00D56B00307EB3 /* Debug */ = {
			isa = XCBuildConfiguration;
			buildSettings = {
				ALWAYS_SEARCH_USER_PATHS = NO;
				CLANG_ANALYZER_NONNULL = YES;
				CLANG_ANALYZER_NUMBER_OBJECT_CONVERSION = YES_AGGRESSIVE;
				CLANG_CXX_LANGUAGE_STANDARD = "gnu++0x";
				CLANG_CXX_LIBRARY = "libc++";
				CLANG_ENABLE_MODULES = YES;
				CLANG_ENABLE_OBJC_ARC = YES;
				CLANG_WARN_BOOL_CONVERSION = YES;
				CLANG_WARN_CONSTANT_CONVERSION = YES;
				CLANG_WARN_DIRECT_OBJC_ISA_USAGE = YES_ERROR;
				CLANG_WARN_DOCUMENTATION_COMMENTS = YES;
				CLANG_WARN_EMPTY_BODY = YES;
				CLANG_WARN_ENUM_CONVERSION = YES;
				CLANG_WARN_INFINITE_RECURSION = YES;
				CLANG_WARN_INT_CONVERSION = YES;
				CLANG_WARN_OBJC_ROOT_CLASS = YES_ERROR;
				CLANG_WARN_SUSPICIOUS_MOVE = YES;
				CLANG_WARN_UNREACHABLE_CODE = YES;
				CLANG_WARN__DUPLICATE_METHOD_MATCH = YES;
				"CODE_SIGN_IDENTITY[sdk=iphoneos*]" = "iPhone Developer";
				COPY_PHASE_STRIP = NO;
				DEBUG_INFORMATION_FORMAT = dwarf;
				ENABLE_STRICT_OBJC_MSGSEND = YES;
				ENABLE_TESTABILITY = YES;
				GCC_C_LANGUAGE_STANDARD = gnu99;
				GCC_DYNAMIC_NO_PIC = NO;
				GCC_NO_COMMON_BLOCKS = YES;
				GCC_OPTIMIZATION_LEVEL = 0;
				GCC_PREPROCESSOR_DEFINITIONS = (
					"DEBUG=1",
					"$(inherited)",
				);
				GCC_WARN_64_TO_32_BIT_CONVERSION = YES;
				GCC_WARN_ABOUT_RETURN_TYPE = YES_ERROR;
				GCC_WARN_UNDECLARED_SELECTOR = YES;
				GCC_WARN_UNINITIALIZED_AUTOS = YES_AGGRESSIVE;
				GCC_WARN_UNUSED_FUNCTION = YES;
				GCC_WARN_UNUSED_VARIABLE = YES;
				IPHONEOS_DEPLOYMENT_TARGET = 10.3;
				MTL_ENABLE_DEBUG_INFO = YES;
				ONLY_ACTIVE_ARCH = YES;
				SDKROOT = iphoneos;
			};
			name = Debug;
		};
		5D37E4261F00D56B00307EB3 /* Release */ = {
			isa = XCBuildConfiguration;
			buildSettings = {
				ALWAYS_SEARCH_USER_PATHS = NO;
				CLANG_ANALYZER_NONNULL = YES;
				CLANG_ANALYZER_NUMBER_OBJECT_CONVERSION = YES_AGGRESSIVE;
				CLANG_CXX_LANGUAGE_STANDARD = "gnu++0x";
				CLANG_CXX_LIBRARY = "libc++";
				CLANG_ENABLE_MODULES = YES;
				CLANG_ENABLE_OBJC_ARC = YES;
				CLANG_WARN_BOOL_CONVERSION = YES;
				CLANG_WARN_CONSTANT_CONVERSION = YES;
				CLANG_WARN_DIRECT_OBJC_ISA_USAGE = YES_ERROR;
				CLANG_WARN_DOCUMENTATION_COMMENTS = YES;
				CLANG_WARN_EMPTY_BODY = YES;
				CLANG_WARN_ENUM_CONVERSION = YES;
				CLANG_WARN_INFINITE_RECURSION = YES;
				CLANG_WARN_INT_CONVERSION = YES;
				CLANG_WARN_OBJC_ROOT_CLASS = YES_ERROR;
				CLANG_WARN_SUSPICIOUS_MOVE = YES;
				CLANG_WARN_UNREACHABLE_CODE = YES;
				CLANG_WARN__DUPLICATE_METHOD_MATCH = YES;
				"CODE_SIGN_IDENTITY[sdk=iphoneos*]" = "iPhone Developer";
				COPY_PHASE_STRIP = NO;
				DEBUG_INFORMATION_FORMAT = "dwarf-with-dsym";
				ENABLE_NS_ASSERTIONS = NO;
				ENABLE_STRICT_OBJC_MSGSEND = YES;
				GCC_C_LANGUAGE_STANDARD = gnu99;
				GCC_NO_COMMON_BLOCKS = YES;
				GCC_WARN_64_TO_32_BIT_CONVERSION = YES;
				GCC_WARN_ABOUT_RETURN_TYPE = YES_ERROR;
				GCC_WARN_UNDECLARED_SELECTOR = YES;
				GCC_WARN_UNINITIALIZED_AUTOS = YES_AGGRESSIVE;
				GCC_WARN_UNUSED_FUNCTION = YES;
				GCC_WARN_UNUSED_VARIABLE = YES;
				IPHONEOS_DEPLOYMENT_TARGET = 10.3;
				MTL_ENABLE_DEBUG_INFO = NO;
				SDKROOT = iphoneos;
				VALIDATE_PRODUCT = YES;
			};
			name = Release;
		};
		5D37E4281F00D56B00307EB3 /* Debug */ = {
			isa = XCBuildConfiguration;
			buildSettings = {
				ASSETCATALOG_COMPILER_APPICON_NAME = AppIcon;
				INFOPLIST_FILE = PopControlView/Info.plist;
				IPHONEOS_DEPLOYMENT_TARGET = 10.2;
				LD_RUNPATH_SEARCH_PATHS = "$(inherited) @executable_path/Frameworks";
				PRODUCT_BUNDLE_IDENTIFIER = bigGifts.PopControlView;
				PRODUCT_NAME = "$(TARGET_NAME)";
			};
			name = Debug;
		};
		5D37E4291F00D56B00307EB3 /* Release */ = {
			isa = XCBuildConfiguration;
			buildSettings = {
				ASSETCATALOG_COMPILER_APPICON_NAME = AppIcon;
				INFOPLIST_FILE = PopControlView/Info.plist;
				IPHONEOS_DEPLOYMENT_TARGET = 10.2;
				LD_RUNPATH_SEARCH_PATHS = "$(inherited) @executable_path/Frameworks";
				PRODUCT_BUNDLE_IDENTIFIER = bigGifts.PopControlView;
				PRODUCT_NAME = "$(TARGET_NAME)";
			};
			name = Release;
		};
/* End XCBuildConfiguration section */

/* Begin XCConfigurationList section */
		5D37E40B1F00D56B00307EB3 /* Build configuration list for PBXProject "PopControlView" */ = {
			isa = XCConfigurationList;
			buildConfigurations = (
				5D37E4251F00D56B00307EB3 /* Debug */,
				5D37E4261F00D56B00307EB3 /* Release */,
			);
			defaultConfigurationIsVisible = 0;
			defaultConfigurationName = Release;
		};
		5D37E4271F00D56B00307EB3 /* Build configuration list for PBXNativeTarget "PopControlView" */ = {
			isa = XCConfigurationList;
			buildConfigurations = (
				5D37E4281F00D56B00307EB3 /* Debug */,
				5D37E4291F00D56B00307EB3 /* Release */,
			);
			defaultConfigurationIsVisible = 0;
			defaultConfigurationName = Release;
		};
/* End XCConfigurationList section */
	};
	rootObject = 5D37E4081F00D56B00307EB3 /* Project object */;
}
